
Microsoft Visual Studio Solution File, Format Version 12.00
# Visual Studio 14
VisualStudioVersion = 14.0.24720.0
MinimumVisualStudioVersion = 10.0.40219.1
Project("{FAE04EC0-301F-11D3-BF4B-00C04F79EFBC}") = "Hemtenta_Antonio_Mirkovic", "Hemtenta_Antonio_Mirkovic\Hemtenta_Antonio_Mirkovic.csproj", "{E801F49D-D268-4350-8F39-906C29F5A699}"
EndProject
Project("{FAE04EC0-301F-11D3-BF4B-00C04F79EFBC}") = "UnitTest", "UnitTest\UnitTest.csproj", "{D3D880AA-AB21-4ED3-BDBD-EF39455C4FCA}"
EndProject
Global
	GlobalSection(SolutionConfigurationPlatforms) = preSolution
		Debug|Any CPU = Debug|Any CPU
		Release|Any CPU = Release|Any CPU
	EndGlobalSection
	GlobalSection(ProjectConfigurationPlatforms) = postSolution
		{E801F49D-D268-4350-8F39-906C29F5A699}.Debug|Any CPU.ActiveCfg = Debug|Any CPU
		{E801F49D-D268-4350-8F39-906C29F5A699}.Debug|Any CPU.Build.0 = Debug|Any CPU
		{E801F49D-D268-4350-8F39-906C29F5A699}.Release|Any CPU.ActiveCfg = Release|Any CPU
		{E801F49D-D268-4350-8F39-906C29F5A699}.Release|Any CPU.Build.0 = Release|Any CPU
		{D3D880AA-AB21-4ED3-BDBD-EF39455C4FCA}.Debug|Any CPU.ActiveCfg = Debug|Any CPU
		{D3D880AA-AB21-4ED3-BDBD-EF39455C4FCA}.Debug|Any CPU.Build.0 = Debug|Any CPU
		{D3D880AA-AB21-4ED3-BDBD-EF39455C4FCA}.Release|Any CPU.ActiveCfg = Release|Any CPU
		{D3D880AA-AB21-4ED3-BDBD-EF39455C4FCA}.Release|Any CPU.Build.0 = Release|Any CPU
	EndGlobalSection
	GlobalSection(SolutionProperties) = preSolution
		HideSolutionNode = FALSE
	EndGlobalSection
EndGlobal
